
Microsoft Visual Studio Solution File, Format Version 12.00
# Visual Studio Version 17
VisualStudioVersion = 17.13.35828.75
MinimumVisualStudioVersion = 10.0.40219.1
Project("{FAE04EC0-301F-11D3-BF4B-00C04F79EFBC}") = "Tr1ppy.Autofac", "Tr1ppy.Autofac\Tr1ppy.Autofac.csproj", "{25593229-3765-4533-A385-231B5B2CB114}"
EndProject
Project("{FAE04EC0-301F-11D3-BF4B-00C04F79EFBC}") = "Tr1ppy.Logging", "Tr1ppy.Logging\Tr1ppy.Logging.csproj", "{4ED436BD-E1CD-4DA8-91F2-15CD02D5FEE7}"
EndProject
Project("{FAE04EC0-301F-11D3-BF4B-00C04F79EFBC}") = "Tr1ppy.EntityFramework", "Tr1ppy.EntityFramework\Tr1ppy.EntityFramework.csproj", "{FD89CD4C-3438-4755-B8E7-40C3B06DB5B4}"
EndProject
Project("{FAE04EC0-301F-11D3-BF4B-00C04F79EFBC}") = "Tr1ppy.DependencyInjection", "Tr1ppy.DependencyInjection\Tr1ppy.DependencyInjection.csproj", "{CEC60F4A-FD87-4433-8323-05FD3A2B6338}"
EndProject
Project("{FAE04EC0-301F-11D3-BF4B-00C04F79EFBC}") = "Tr1ppy.Cryptography", "Tr1ppy.Cryptography\Tr1ppy.Cryptography.csproj", "{52D2612C-1741-4D37-9BDC-A8BFD5C2CBDB}"
EndProject
Project("{2150E333-8FDC-42A3-9474-1A3956D46DE8}") = "Result", "Result", "{36D591C7-65C7-A0D1-1CBC-10CDE441BDC8}"
EndProject
Project("{FAE04EC0-301F-11D3-BF4B-00C04F79EFBC}") = "Tr1ppy.Result", "Result\Tr1ppy.Result\Tr1ppy.Result.csproj", "{7EE5CA95-B672-4766-B657-CCDE4D7D0C05}"
EndProject
Project("{FAE04EC0-301F-11D3-BF4B-00C04F79EFBC}") = "Tr1ppy.Result.Tests", "Result\Tr1ppy.Result.Tests\Tr1ppy.Result.Tests.csproj", "{B0E9A855-F60D-40D0-BAB4-DE517204AB31}"
EndProject
Project("{FAE04EC0-301F-11D3-BF4B-00C04F79EFBC}") = "Tr1ppy.Configuration", "Tr1ppy.Configuration\Tr1ppy.Configuration.csproj", "{0C97E425-05C0-45EA-AE1E-9EFAD0D92090}"
EndProject
Project("{FAE04EC0-301F-11D3-BF4B-00C04F79EFBC}") = "Tr1ppy.EntityFramework.Extensions.DependencyInjection", "Tr1ppy.EntityFramework.DependencyInjection\Tr1ppy.EntityFramework.Extensions.DependencyInjection.csproj", "{9F301A76-38C7-45D2-958B-EBA5024C97A0}"
EndProject
Project("{2150E333-8FDC-42A3-9474-1A3956D46DE8}") = "EntityFramework", "EntityFramework", "{5E6DE8EE-95D0-4FF1-AFF3-957C7B9E4739}"
EndProject
Project("{FAE04EC0-301F-11D3-BF4B-00C04F79EFBC}") = "Tr1ppy.EntityFramework.Extensions.Autofac", "Tr1ppy.EntityFramework.Autofac\Tr1ppy.EntityFramework.Extensions.Autofac.csproj", "{3507B9C9-BEBC-4F36-8FB9-BA8B0F070369}"
EndProject
Project("{2150E333-8FDC-42A3-9474-1A3956D46DE8}") = "MediatR", "MediatR", "{71622C26-A7CA-42E7-AB21-F9BB7D703849}"
EndProject
Project("{FAE04EC0-301F-11D3-BF4B-00C04F79EFBC}") = "Tr1ppy.MediatR.Extensions", "Tr1ppy.MediatR.Extensions\Tr1ppy.MediatR.Extensions.csproj", "{A3364B5D-8B0D-4EBF-B82C-2AC1925CAC74}"
EndProject
Project("{FAE04EC0-301F-11D3-BF4B-00C04F79EFBC}") = "Tr1ppy.MediatR.Http", "Tr1ppy.MediatR.Http\Tr1ppy.MediatR.Http.csproj", "{5AE67640-C240-4193-8797-4A2E65DCE24A}"
EndProject
Project("{2150E333-8FDC-42A3-9474-1A3956D46DE8}") = "Refit", "Refit", "{27AD73A7-FA55-4316-84FA-EA301F29675B}"
EndProject
Project("{FAE04EC0-301F-11D3-BF4B-00C04F79EFBC}") = "Tr1ppy.Refit", "Tr1ppy.Packages.Refit\Tr1ppy.Refit.csproj", "{F9D0178B-1E81-493F-ACD1-CF9169942E52}"
EndProject
Project("{FAE04EC0-301F-11D3-BF4B-00C04F79EFBC}") = "Tr1ppy.Refit.Extensions.Autofac", "Tr1ppy.Refit.Autofac\Tr1ppy.Refit.Extensions.Autofac.csproj", "{351BFD63-A2F9-4E24-9123-7DE9F2A3F817}"
EndProject
Project("{FAE04EC0-301F-11D3-BF4B-00C04F79EFBC}") = "Tr1ppy.Refit.Extensions.DependencyInjection", "Tr1ppy.Refit.Extensions.DependyInjection\Tr1ppy.Refit.Extensions.DependencyInjection.csproj", "{C9EF5130-7907-4AB1-84B6-3D1473B0D431}"
EndProject
Global
	GlobalSection(SolutionConfigurationPlatforms) = preSolution
		Debug|Any CPU = Debug|Any CPU
		Release|Any CPU = Release|Any CPU
	EndGlobalSection
	GlobalSection(ProjectConfigurationPlatforms) = postSolution
		{25593229-3765-4533-A385-231B5B2CB114}.Debug|Any CPU.ActiveCfg = Debug|Any CPU
		{25593229-3765-4533-A385-231B5B2CB114}.Debug|Any CPU.Build.0 = Debug|Any CPU
		{25593229-3765-4533-A385-231B5B2CB114}.Release|Any CPU.ActiveCfg = Release|Any CPU
		{25593229-3765-4533-A385-231B5B2CB114}.Release|Any CPU.Build.0 = Release|Any CPU
		{4ED436BD-E1CD-4DA8-91F2-15CD02D5FEE7}.Debug|Any CPU.ActiveCfg = Debug|Any CPU
		{4ED436BD-E1CD-4DA8-91F2-15CD02D5FEE7}.Debug|Any CPU.Build.0 = Debug|Any CPU
		{4ED436BD-E1CD-4DA8-91F2-15CD02D5FEE7}.Release|Any CPU.ActiveCfg = Release|Any CPU
		{4ED436BD-E1CD-4DA8-91F2-15CD02D5FEE7}.Release|Any CPU.Build.0 = Release|Any CPU
		{FD89CD4C-3438-4755-B8E7-40C3B06DB5B4}.Debug|Any CPU.ActiveCfg = Debug|Any CPU
		{FD89CD4C-3438-4755-B8E7-40C3B06DB5B4}.Debug|Any CPU.Build.0 = Debug|Any CPU
		{FD89CD4C-3438-4755-B8E7-40C3B06DB5B4}.Release|Any CPU.ActiveCfg = Release|Any CPU
		{FD89CD4C-3438-4755-B8E7-40C3B06DB5B4}.Release|Any CPU.Build.0 = Release|Any CPU
		{CEC60F4A-FD87-4433-8323-05FD3A2B6338}.Debug|Any CPU.ActiveCfg = Debug|Any CPU
		{CEC60F4A-FD87-4433-8323-05FD3A2B6338}.Debug|Any CPU.Build.0 = Debug|Any CPU
		{CEC60F4A-FD87-4433-8323-05FD3A2B6338}.Release|Any CPU.ActiveCfg = Release|Any CPU
		{CEC60F4A-FD87-4433-8323-05FD3A2B6338}.Release|Any CPU.Build.0 = Release|Any CPU
		{52D2612C-1741-4D37-9BDC-A8BFD5C2CBDB}.Debug|Any CPU.ActiveCfg = Debug|Any CPU
		{52D2612C-1741-4D37-9BDC-A8BFD5C2CBDB}.Debug|Any CPU.Build.0 = Debug|Any CPU
		{52D2612C-1741-4D37-9BDC-A8BFD5C2CBDB}.Release|Any CPU.ActiveCfg = Release|Any CPU
		{52D2612C-1741-4D37-9BDC-A8BFD5C2CBDB}.Release|Any CPU.Build.0 = Release|Any CPU
		{7EE5CA95-B672-4766-B657-CCDE4D7D0C05}.Debug|Any CPU.ActiveCfg = Debug|Any CPU
		{7EE5CA95-B672-4766-B657-CCDE4D7D0C05}.Debug|Any CPU.Build.0 = Debug|Any CPU
		{7EE5CA95-B672-4766-B657-CCDE4D7D0C05}.Release|Any CPU.ActiveCfg = Release|Any CPU
		{7EE5CA95-B672-4766-B657-CCDE4D7D0C05}.Release|Any CPU.Build.0 = Release|Any CPU
		{B0E9A855-F60D-40D0-BAB4-DE517204AB31}.Debug|Any CPU.ActiveCfg = Debug|Any CPU
		{B0E9A855-F60D-40D0-BAB4-DE517204AB31}.Debug|Any CPU.Build.0 = Debug|Any CPU
		{B0E9A855-F60D-40D0-BAB4-DE517204AB31}.Release|Any CPU.ActiveCfg = Release|Any CPU
		{B0E9A855-F60D-40D0-BAB4-DE517204AB31}.Release|Any CPU.Build.0 = Release|Any CPU
		{0C97E425-05C0-45EA-AE1E-9EFAD0D92090}.Debug|Any CPU.ActiveCfg = Debug|Any CPU
		{0C97E425-05C0-45EA-AE1E-9EFAD0D92090}.Debug|Any CPU.Build.0 = Debug|Any CPU
		{0C97E425-05C0-45EA-AE1E-9EFAD0D92090}.Release|Any CPU.ActiveCfg = Release|Any CPU
		{0C97E425-05C0-45EA-AE1E-9EFAD0D92090}.Release|Any CPU.Build.0 = Release|Any CPU
		{9F301A76-38C7-45D2-958B-EBA5024C97A0}.Debug|Any CPU.ActiveCfg = Debug|Any CPU
		{9F301A76-38C7-45D2-958B-EBA5024C97A0}.Debug|Any CPU.Build.0 = Debug|Any CPU
		{9F301A76-38C7-45D2-958B-EBA5024C97A0}.Release|Any CPU.ActiveCfg = Release|Any CPU
		{9F301A76-38C7-45D2-958B-EBA5024C97A0}.Release|Any CPU.Build.0 = Release|Any CPU
		{3507B9C9-BEBC-4F36-8FB9-BA8B0F070369}.Debug|Any CPU.ActiveCfg = Debug|Any CPU
		{3507B9C9-BEBC-4F36-8FB9-BA8B0F070369}.Debug|Any CPU.Build.0 = Debug|Any CPU
		{3507B9C9-BEBC-4F36-8FB9-BA8B0F070369}.Release|Any CPU.ActiveCfg = Release|Any CPU
		{3507B9C9-BEBC-4F36-8FB9-BA8B0F070369}.Release|Any CPU.Build.0 = Release|Any CPU
		{A3364B5D-8B0D-4EBF-B82C-2AC1925CAC74}.Debug|Any CPU.ActiveCfg = Debug|Any CPU
		{A3364B5D-8B0D-4EBF-B82C-2AC1925CAC74}.Debug|Any CPU.Build.0 = Debug|Any CPU
		{A3364B5D-8B0D-4EBF-B82C-2AC1925CAC74}.Release|Any CPU.ActiveCfg = Release|Any CPU
		{A3364B5D-8B0D-4EBF-B82C-2AC1925CAC74}.Release|Any CPU.Build.0 = Release|Any CPU
		{5AE67640-C240-4193-8797-4A2E65DCE24A}.Debug|Any CPU.ActiveCfg = Debug|Any CPU
		{5AE67640-C240-4193-8797-4A2E65DCE24A}.Debug|Any CPU.Build.0 = Debug|Any CPU
		{5AE67640-C240-4193-8797-4A2E65DCE24A}.Release|Any CPU.ActiveCfg = Release|Any CPU
		{5AE67640-C240-4193-8797-4A2E65DCE24A}.Release|Any CPU.Build.0 = Release|Any CPU
		{F9D0178B-1E81-493F-ACD1-CF9169942E52}.Debug|Any CPU.ActiveCfg = Debug|Any CPU
		{F9D0178B-1E81-493F-ACD1-CF9169942E52}.Debug|Any CPU.Build.0 = Debug|Any CPU
		{F9D0178B-1E81-493F-ACD1-CF9169942E52}.Release|Any CPU.ActiveCfg = Release|Any CPU
		{F9D0178B-1E81-493F-ACD1-CF9169942E52}.Release|Any CPU.Build.0 = Release|Any CPU
		{351BFD63-A2F9-4E24-9123-7DE9F2A3F817}.Debug|Any CPU.ActiveCfg = Debug|Any CPU
		{351BFD63-A2F9-4E24-9123-7DE9F2A3F817}.Debug|Any CPU.Build.0 = Debug|Any CPU
		{351BFD63-A2F9-4E24-9123-7DE9F2A3F817}.Release|Any CPU.ActiveCfg = Release|Any CPU
		{351BFD63-A2F9-4E24-9123-7DE9F2A3F817}.Release|Any CPU.Build.0 = Release|Any CPU
		{C9EF5130-7907-4AB1-84B6-3D1473B0D431}.Debug|Any CPU.ActiveCfg = Debug|Any CPU
		{C9EF5130-7907-4AB1-84B6-3D1473B0D431}.Debug|Any CPU.Build.0 = Debug|Any CPU
		{C9EF5130-7907-4AB1-84B6-3D1473B0D431}.Release|Any CPU.ActiveCfg = Release|Any CPU
		{C9EF5130-7907-4AB1-84B6-3D1473B0D431}.Release|Any CPU.Build.0 = Release|Any CPU
	EndGlobalSection
	GlobalSection(SolutionProperties) = preSolution
		HideSolutionNode = FALSE
	EndGlobalSection
	GlobalSection(NestedProjects) = preSolution
		{FD89CD4C-3438-4755-B8E7-40C3B06DB5B4} = {5E6DE8EE-95D0-4FF1-AFF3-957C7B9E4739}
		{7EE5CA95-B672-4766-B657-CCDE4D7D0C05} = {36D591C7-65C7-A0D1-1CBC-10CDE441BDC8}
		{B0E9A855-F60D-40D0-BAB4-DE517204AB31} = {36D591C7-65C7-A0D1-1CBC-10CDE441BDC8}
		{9F301A76-38C7-45D2-958B-EBA5024C97A0} = {5E6DE8EE-95D0-4FF1-AFF3-957C7B9E4739}
		{3507B9C9-BEBC-4F36-8FB9-BA8B0F070369} = {5E6DE8EE-95D0-4FF1-AFF3-957C7B9E4739}
		{A3364B5D-8B0D-4EBF-B82C-2AC1925CAC74} = {71622C26-A7CA-42E7-AB21-F9BB7D703849}
		{5AE67640-C240-4193-8797-4A2E65DCE24A} = {71622C26-A7CA-42E7-AB21-F9BB7D703849}
		{F9D0178B-1E81-493F-ACD1-CF9169942E52} = {27AD73A7-FA55-4316-84FA-EA301F29675B}
		{351BFD63-A2F9-4E24-9123-7DE9F2A3F817} = {27AD73A7-FA55-4316-84FA-EA301F29675B}
		{C9EF5130-7907-4AB1-84B6-3D1473B0D431} = {27AD73A7-FA55-4316-84FA-EA301F29675B}
	EndGlobalSection
	GlobalSection(ExtensibilityGlobals) = postSolution
		SolutionGuid = {DDAFCFDE-F29C-48DC-90C7-9002EF016D9C}
	EndGlobalSection
EndGlobal
